
Microsoft Visual Studio Solution File, Format Version 12.00
# Visual Studio Version 17
VisualStudioVersion = 17.1.32319.34
MinimumVisualStudioVersion = 10.0.40219.1
Project("{9A19103F-16F7-4668-BE54-9A1E7A4F7556}") = "Ensek", "Ensek\Ensek.csproj", "{B5DD6971-4D84-44F5-A94E-63DDBDDE7CDC}"
EndProject
Project("{9A19103F-16F7-4668-BE54-9A1E7A4F7556}") = "EnsekData", "EnsekData\EnsekData.csproj", "{3FA7E0C8-6155-4DB6-9782-1DB049B6AC7E}"
EndProject
Project("{9A19103F-16F7-4668-BE54-9A1E7A4F7556}") = "Domain", "Domain\Domain.csproj", "{82863A87-94CD-47E8-B831-984DBD09AAB6}"
EndProject
Project("{9A19103F-16F7-4668-BE54-9A1E7A4F7556}") = "Services", "Services\Services.csproj", "{9553201E-E695-4ED2-89B6-90CD3BBEBE04}"
EndProject
Project("{FAE04EC0-301F-11D3-BF4B-00C04F79EFBC}") = "Ensek.Test", "Ensek.Test\Ensek.Test.csproj", "{C22B4B99-FE58-4431-9ADF-A296ECC5F0DA}"
EndProject
Global
	GlobalSection(SolutionConfigurationPlatforms) = preSolution
		Debug|Any CPU = Debug|Any CPU
		Release|Any CPU = Release|Any CPU
	EndGlobalSection
	GlobalSection(ProjectConfigurationPlatforms) = postSolution
		{B5DD6971-4D84-44F5-A94E-63DDBDDE7CDC}.Debug|Any CPU.ActiveCfg = Debug|Any CPU
		{B5DD6971-4D84-44F5-A94E-63DDBDDE7CDC}.Debug|Any CPU.Build.0 = Debug|Any CPU
		{B5DD6971-4D84-44F5-A94E-63DDBDDE7CDC}.Release|Any CPU.ActiveCfg = Release|Any CPU
		{B5DD6971-4D84-44F5-A94E-63DDBDDE7CDC}.Release|Any CPU.Build.0 = Release|Any CPU
		{3FA7E0C8-6155-4DB6-9782-1DB049B6AC7E}.Debug|Any CPU.ActiveCfg = Debug|Any CPU
		{3FA7E0C8-6155-4DB6-9782-1DB049B6AC7E}.Debug|Any CPU.Build.0 = Debug|Any CPU
		{3FA7E0C8-6155-4DB6-9782-1DB049B6AC7E}.Release|Any CPU.ActiveCfg = Release|Any CPU
		{3FA7E0C8-6155-4DB6-9782-1DB049B6AC7E}.Release|Any CPU.Build.0 = Release|Any CPU
		{82863A87-94CD-47E8-B831-984DBD09AAB6}.Debug|Any CPU.ActiveCfg = Debug|Any CPU
		{82863A87-94CD-47E8-B831-984DBD09AAB6}.Debug|Any CPU.Build.0 = Debug|Any CPU
		{82863A87-94CD-47E8-B831-984DBD09AAB6}.Release|Any CPU.ActiveCfg = Release|Any CPU
		{82863A87-94CD-47E8-B831-984DBD09AAB6}.Release|Any CPU.Build.0 = Release|Any CPU
		{9553201E-E695-4ED2-89B6-90CD3BBEBE04}.Debug|Any CPU.ActiveCfg = Debug|Any CPU
		{9553201E-E695-4ED2-89B6-90CD3BBEBE04}.Debug|Any CPU.Build.0 = Debug|Any CPU
		{9553201E-E695-4ED2-89B6-90CD3BBEBE04}.Release|Any CPU.ActiveCfg = Release|Any CPU
		{9553201E-E695-4ED2-89B6-90CD3BBEBE04}.Release|Any CPU.Build.0 = Release|Any CPU
		{C22B4B99-FE58-4431-9ADF-A296ECC5F0DA}.Debug|Any CPU.ActiveCfg = Debug|Any CPU
		{C22B4B99-FE58-4431-9ADF-A296ECC5F0DA}.Debug|Any CPU.Build.0 = Debug|Any CPU
		{C22B4B99-FE58-4431-9ADF-A296ECC5F0DA}.Release|Any CPU.ActiveCfg = Release|Any CPU
		{C22B4B99-FE58-4431-9ADF-A296ECC5F0DA}.Release|Any CPU.Build.0 = Release|Any CPU
	EndGlobalSection
	GlobalSection(SolutionProperties) = preSolution
		HideSolutionNode = FALSE
	EndGlobalSection
	GlobalSection(ExtensibilityGlobals) = postSolution
		SolutionGuid = {D00AC106-7A43-418F-B52B-7156D2CD6B4A}
	EndGlobalSection
EndGlobal
